
Microsoft Visual Studio Solution File, Format Version 12.00
# Visual Studio Version 16
VisualStudioVersion = 16.0.34407.143
MinimumVisualStudioVersion = 10.0.40219.1
Project("{FAE04EC0-301F-11D3-BF4B-00C04F79EFBC}") = "CourseOOP_Gachkovsky", "CourseOOP_Gachkovsky\CourseOOP_Gachkovsky.csproj", "{1904A3B8-D175-4012-9DBF-8EF5485ECEAF}"
EndProject
Global
	GlobalSection(SolutionConfigurationPlatforms) = preSolution
		Debug|Any CPU = Debug|Any CPU
		Release|Any CPU = Release|Any CPU
	EndGlobalSection
	GlobalSection(ProjectConfigurationPlatforms) = postSolution
		{1904A3B8-D175-4012-9DBF-8EF5485ECEAF}.Debug|Any CPU.ActiveCfg = Debug|Any CPU
		{1904A3B8-D175-4012-9DBF-8EF5485ECEAF}.Debug|Any CPU.Build.0 = Debug|Any CPU
		{1904A3B8-D175-4012-9DBF-8EF5485ECEAF}.Release|Any CPU.ActiveCfg = Release|Any CPU
		{1904A3B8-D175-4012-9DBF-8EF5485ECEAF}.Release|Any CPU.Build.0 = Release|Any CPU
	EndGlobalSection
	GlobalSection(SolutionProperties) = preSolution
		HideSolutionNode = FALSE
	EndGlobalSection
	GlobalSection(ExtensibilityGlobals) = postSolution
		SolutionGuid = {EC145953-8912-4924-94D7-C75A0B0C8BE2}
	EndGlobalSection
EndGlobal
